
Microsoft Visual Studio Solution File, Format Version 12.00
# Visual Studio Version 17
VisualStudioVersion = 17.9.34616.47
MinimumVisualStudioVersion = 10.0.40219.1
Project("{9A19103F-16F7-4668-BE54-9A1E7A4F7556}") = "dotnet-802-editor-config-ignored-issue", "dotnet-802-editor-config-ignored-issue.csproj", "{4ADC8BB1-ED51-4AEB-8C55-6759BCC7AFBF}"
EndProject
Global
	GlobalSection(SolutionConfigurationPlatforms) = preSolution
		Debug|Any CPU = Debug|Any CPU
		Release|Any CPU = Release|Any CPU
	EndGlobalSection
	GlobalSection(ProjectConfigurationPlatforms) = postSolution
		{4ADC8BB1-ED51-4AEB-8C55-6759BCC7AFBF}.Debug|Any CPU.ActiveCfg = Debug|Any CPU
		{4ADC8BB1-ED51-4AEB-8C55-6759BCC7AFBF}.Debug|Any CPU.Build.0 = Debug|Any CPU
		{4ADC8BB1-ED51-4AEB-8C55-6759BCC7AFBF}.Release|Any CPU.ActiveCfg = Release|Any CPU
		{4ADC8BB1-ED51-4AEB-8C55-6759BCC7AFBF}.Release|Any CPU.Build.0 = Release|Any CPU
	EndGlobalSection
	GlobalSection(SolutionProperties) = preSolution
		HideSolutionNode = FALSE
	EndGlobalSection
	GlobalSection(ExtensibilityGlobals) = postSolution
		SolutionGuid = {A2EFF329-D547-4E6B-BF62-A2EAD4745C39}
	EndGlobalSection
EndGlobal
